
Microsoft Visual Studio Solution File, Format Version 12.00
# Visual Studio Version 17
VisualStudioVersion = 17.6.33801.468
MinimumVisualStudioVersion = 10.0.40219.1
Project("{FAE04EC0-301F-11D3-BF4B-00C04F79EFBC}") = "ConsoleApp1", "ConsoleApp1\ConsoleApp1.csproj", "{38142038-9F33-44BE-A1EF-D5E89BD8FA97}"
EndProject
Global
	GlobalSection(SolutionConfigurationPlatforms) = preSolution
		Debug|Any CPU = Debug|Any CPU
		Release|Any CPU = Release|Any CPU
	EndGlobalSection
	GlobalSection(ProjectConfigurationPlatforms) = postSolution
		{38142038-9F33-44BE-A1EF-D5E89BD8FA97}.Debug|Any CPU.ActiveCfg = Debug|Any CPU
		{38142038-9F33-44BE-A1EF-D5E89BD8FA97}.Debug|Any CPU.Build.0 = Debug|Any CPU
		{38142038-9F33-44BE-A1EF-D5E89BD8FA97}.Release|Any CPU.ActiveCfg = Release|Any CPU
		{38142038-9F33-44BE-A1EF-D5E89BD8FA97}.Release|Any CPU.Build.0 = Release|Any CPU
	EndGlobalSection
	GlobalSection(SolutionProperties) = preSolution
		HideSolutionNode = FALSE
	EndGlobalSection
	GlobalSection(ExtensibilityGlobals) = postSolution
		SolutionGuid = {B12F281A-C05E-4DB6-BAB3-6E89D49AFEB6}
	EndGlobalSection
EndGlobal
